
Microsoft Visual Studio Solution File, Format Version 12.00
# Visual Studio Version 16
VisualStudioVersion = 16.0.29721.120
MinimumVisualStudioVersion = 10.0.40219.1
Project("{9A19103F-16F7-4668-BE54-9A1E7A4F7556}") = "Vorlesung 2020-04-25 Einkaufswagen", "Vorlesung 2020-04-25 Einkaufswagen.csproj", "{A9223955-C2A7-4203-B2F7-4FE0CDC85535}"
EndProject
Project("{FAE04EC0-301F-11D3-BF4B-00C04F79EFBC}") = "ManagerEmployee", "..\ManagerEmployee\ManagerEmployee.csproj", "{F8FF434F-1EEC-459A-96B3-8F4894C600EC}"
EndProject
Global
	GlobalSection(SolutionConfigurationPlatforms) = preSolution
		Debug|Any CPU = Debug|Any CPU
		Release|Any CPU = Release|Any CPU
	EndGlobalSection
	GlobalSection(ProjectConfigurationPlatforms) = postSolution
		{A9223955-C2A7-4203-B2F7-4FE0CDC85535}.Debug|Any CPU.ActiveCfg = Debug|Any CPU
		{A9223955-C2A7-4203-B2F7-4FE0CDC85535}.Debug|Any CPU.Build.0 = Debug|Any CPU
		{A9223955-C2A7-4203-B2F7-4FE0CDC85535}.Release|Any CPU.ActiveCfg = Release|Any CPU
		{A9223955-C2A7-4203-B2F7-4FE0CDC85535}.Release|Any CPU.Build.0 = Release|Any CPU
		{F8FF434F-1EEC-459A-96B3-8F4894C600EC}.Debug|Any CPU.ActiveCfg = Debug|Any CPU
		{F8FF434F-1EEC-459A-96B3-8F4894C600EC}.Debug|Any CPU.Build.0 = Debug|Any CPU
		{F8FF434F-1EEC-459A-96B3-8F4894C600EC}.Release|Any CPU.ActiveCfg = Release|Any CPU
		{F8FF434F-1EEC-459A-96B3-8F4894C600EC}.Release|Any CPU.Build.0 = Release|Any CPU
	EndGlobalSection
	GlobalSection(SolutionProperties) = preSolution
		HideSolutionNode = FALSE
	EndGlobalSection
	GlobalSection(ExtensibilityGlobals) = postSolution
		SolutionGuid = {DACF901E-ED93-49E0-89C6-D5C2B1A5C5D7}
	EndGlobalSection
EndGlobal
